// !$*UTF8*$!
{
	archiveVersion = 1;
	classes = {
	};
	objectVersion = 46;
	objects = {

/* Begin PBXBuildFile section */
		FFEA29A71E9435340056E94A /* AppDelegate.swift in Sources */ = {isa = PBXBuildFile; fileRef = FFEA29A61E9435340056E94A /* AppDelegate.swift */; };
		FFEA29A91E9435340056E94A /* ViewController.swift in Sources */ = {isa = PBXBuildFile; fileRef = FFEA29A81E9435340056E94A /* ViewController.swift */; };
		FFEA29AB1E9435350056E94A /* DetailViewController.swift in Sources */ = {isa = PBXBuildFile; fileRef = FFEA29AA1E9435350056E94A /* DetailViewController.swift */; };
		FFEA29AE1E9435350056E94A /* Main.storyboard in Resources */ = {isa = PBXBuildFile; fileRef = FFEA29AC1E9435350056E94A /* Main.storyboard */; };
		FFEA29B01E9435350056E94A /* Assets.xcassets in Resources */ = {isa = PBXBuildFile; fileRef = FFEA29AF1E9435350056E94A /* Assets.xcassets */; };
		FFEA29B31E9435350056E94A /* LaunchScreen.storyboard in Resources */ = {isa = PBXBuildFile; fileRef = FFEA29B11E9435350056E94A /* LaunchScreen.storyboard */; };
/* End PBXBuildFile section */

/* Begin PBXFileReference section */
		FFEA29A31E9435340056E94A /* NHLStandings.app */ = {isa = PBXFileReference; explicitFileType = wrapper.application; includeInIndex = 0; path = NHLStandings.app; sourceTree = BUILT_PRODUCTS_DIR; };
		FFEA29A61E9435340056E94A /* AppDelegate.swift */ = {isa = PBXFileReference; lastKnownFileType = sourcecode.swift; path = AppDelegate.swift; sourceTree = "<group>"; };
		FFEA29A81E9435340056E94A /* ViewController.swift */ = {isa = PBXFileReference; lastKnownFileType = sourcecode.swift; path = ViewController.swift; sourceTree = "<group>"; };
		FFEA29AA1E9435350056E94A /* DetailViewController.swift */ = {isa = PBXFileReference; lastKnownFileType = sourcecode.swift; path = DetailViewController.swift; sourceTree = "<group>"; };
		FFEA29AD1E9435350056E94A /* Base */ = {isa = PBXFileReference; lastKnownFileType = file.storyboard; name = Base; path = Base.lproj/Main.storyboard; sourceTree = "<group>"; };
		FFEA29AF1E9435350056E94A /* Assets.xcassets */ = {isa = PBXFileReference; lastKnownFileType = folder.assetcatalog; path = Assets.xcassets; sourceTree = "<group>"; };
		FFEA29B21E9435350056E94A /* Base */ = {isa = PBXFileReference; lastKnownFileType = file.storyboard; name = Base; path = Base.lproj/LaunchScreen.storyboard; sourceTree = "<group>"; };
		FFEA29B41E9435350056E94A /* Info.plist */ = {isa = PBXFileReference; lastKnownFileType = text.plist.xml; path = Info.plist; sourceTree = "<group>"; };
/* End PBXFileReference section */

/* Begin PBXFrameworksBuildPhase section */
		FFEA29A01E9435340056E94A /* Frameworks */ = {
			isa = PBXFrameworksBuildPhase;
			buildActionMask = 2147483647;
			files = (
			);
			runOnlyForDeploymentPostprocessing = 0;
		};
/* End PBXFrameworksBuildPhase section */

/* Begin PBXGroup section */
		FFEA299A1E9435340056E94A = {
			isa = PBXGroup;
			children = (
				FFEA29A51E9435340056E94A /* NHLStandings */,
				FFEA29A41E9435340056E94A /* Products */,
			);
			sourceTree = "<group>";
		};
		FFEA29A41E9435340056E94A /* Products */ = {
			isa = PBXGroup;
			children = (
				FFEA29A31E9435340056E94A /* NHLStandings.app */,
			);
			name = Products;
			sourceTree = "<group>";
		};
		FFEA29A51E9435340056E94A /* NHLStandings */ = {
			isa = PBXGroup;
			children = (
				FFEA29A61E9435340056E94A /* AppDelegate.swift */,
				FFEA29A81E9435340056E94A /* ViewController.swift */,
				FFEA29AA1E9435350056E94A /* DetailViewController.swift */,
				FFEA29AC1E9435350056E94A /* Main.storyboard */,
				FFEA29AF1E9435350056E94A /* Assets.xcassets */,
				FFEA29B11E9435350056E94A /* LaunchScreen.storyboard */,
				FFEA29B41E9435350056E94A /* Info.plist */,
			);
			path = NHLStandings;
			sourceTree = "<group>";
		};
/* End PBXGroup section */

/* Begin PBXNativeTarget section */
		FFEA29A21E9435340056E94A /* NHLStandings */ = {
			isa = PBXNativeTarget;
			buildConfigurationList = FFEA29B71E9435350056E94A /* Build configuration list for PBXNativeTarget "NHLStandings" */;
			buildPhases = (
				FFEA299F1E9435340056E94A /* Sources */,
				FFEA29A01E9435340056E94A /* Frameworks */,
				FFEA29A11E9435340056E94A /* Resources */,
			);
			buildRules = (
			);
			dependencies = (
			);
			name = NHLStandings;
			productName = NHLStandings;
			productReference = FFEA29A31E9435340056E94A /* NHLStandings.app */;
			productType = "com.apple.product-type.application";
		};
/* End PBXNativeTarget section */

/* Begin PBXProject section */
		FFEA299B1E9435340056E94A /* Project object */ = {
			isa = PBXProject;
			attributes = {
				LastSwiftUpdateCheck = 0830;
				LastUpgradeCheck = 0830;
				ORGANIZATIONNAME = JBrauchler;
				TargetAttributes = {
					FFEA29A21E9435340056E94A = {
						CreatedOnToolsVersion = 8.3;
						DevelopmentTeam = D64PZD3J25;
						ProvisioningStyle = Automatic;
					};
				};
			};
			buildConfigurationList = FFEA299E1E9435340056E94A /* Build configuration list for PBXProject "NHLStandings" */;
			compatibilityVersion = "Xcode 3.2";
			developmentRegion = English;
			hasScannedForEncodings = 0;
			knownRegions = (
				en,
				Base,
			);
			mainGroup = FFEA299A1E9435340056E94A;
			productRefGroup = FFEA29A41E9435340056E94A /* Products */;
			projectDirPath = "";
			projectRoot = "";
			targets = (
				FFEA29A21E9435340056E94A /* NHLStandings */,
			);
		};
/* End PBXProject section */

/* Begin PBXResourcesBuildPhase section */
		FFEA29A11E9435340056E94A /* Resources */ = {
			isa = PBXResourcesBuildPhase;
			buildActionMask = 2147483647;
			files = (
				FFEA29B31E9435350056E94A /* LaunchScreen.storyboard in Resources */,
				FFEA29B01E9435350056E94A /* Assets.xcassets in Resources */,
				FFEA29AE1E9435350056E94A /* Main.storyboard in Resources */,
			);
			runOnlyForDeploymentPostprocessing = 0;
		};
/* End PBXResourcesBuildPhase section */

/* Begin PBXSourcesBuildPhase section */
		FFEA299F1E9435340056E94A /* Sources */ = {
			isa = PBXSourcesBuildPhase;
			buildActionMask = 2147483647;
			files = (
				FFEA29AB1E9435350056E94A /* DetailViewController.swift in Sources */,
				FFEA29A91E9435340056E94A /* ViewController.swift in Sources */,
				FFEA29A71E9435340056E94A /* AppDelegate.swift in Sources */,
			);
			runOnlyForDeploymentPostprocessing = 0;
		};
/* End PBXSourcesBuildPhase section */

/* Begin PBXVariantGroup section */
		FFEA29AC1E9435350056E94A /* Main.storyboard */ = {
			isa = PBXVariantGroup;
			children = (
				FFEA29AD1E9435350056E94A /* Base */,
			);
			name = Main.storyboard;
			sourceTree = "<group>";
		};
		FFEA29B11E9435350056E94A /* LaunchScreen.storyboard */ = {
			isa = PBXVariantGroup;
			children = (
				FFEA29B21E9435350056E94A /* Base */,
			);
			name = LaunchScreen.storyboard;
			sourceTree = "<group>";
		};
/* End PBXVariantGroup section */

/* Begin XCBuildConfiguration section */
		FFEA29B51E9435350056E94A /* Debug */ = {
			isa = XCBuildConfiguration;
			buildSettings = {
				ALWAYS_SEARCH_USER_PATHS = NO;
				CLANG_ANALYZER_NONNULL = YES;
				CLANG_ANALYZER_NUMBER_OBJECT_CONVERSION = YES_AGGRESSIVE;
				CLANG_CXX_LANGUAGE_STANDARD = "gnu++0x";
				CLANG_CXX_LIBRARY = "libc++";
				CLANG_ENABLE_MODULES = YES;
				CLANG_ENABLE_OBJC_ARC = YES;
				CLANG_WARN_BOOL_CONVERSION = YES;
				CLANG_WARN_CONSTANT_CONVERSION = YES;
				CLANG_WARN_DIRECT_OBJC_ISA_USAGE = YES_ERROR;
				CLANG_WARN_DOCUMENTATION_COMMENTS = YES;
				CLANG_WARN_EMPTY_BODY = YES;
				CLANG_WARN_ENUM_CONVERSION = YES;
				CLANG_WARN_INFINITE_RECURSION = YES;
				CLANG_WARN_INT_CONVERSION = YES;
				CLANG_WARN_OBJC_ROOT_CLASS = YES_ERROR;
				CLANG_WARN_SUSPICIOUS_MOVE = YES;
				CLANG_WARN_UNREACHABLE_CODE = YES;
				CLANG_WARN__DUPLICATE_METHOD_MATCH = YES;
				"CODE_SIGN_IDENTITY[sdk=iphoneos*]" = "iPhone Developer";
				COPY_PHASE_STRIP = NO;
				DEBUG_INFORMATION_FORMAT = dwarf;
				ENABLE_STRICT_OBJC_MSGSEND = YES;
				ENABLE_TESTABILITY = YES;
				GCC_C_LANGUAGE_STANDARD = gnu99;
				GCC_DYNAMIC_NO_PIC = NO;
				GCC_NO_COMMON_BLOCKS = YES;
				GCC_OPTIMIZATION_LEVEL = 0;
				GCC_PREPROCESSOR_DEFINITIONS = (
					"DEBUG=1",
					"$(inherited)",
				);
				GCC_WARN_64_TO_32_BIT_CONVERSION = YES;
				GCC_WARN_ABOUT_RETURN_TYPE = YES_ERROR;
				GCC_WARN_UNDECLARED_SELECTOR = YES;
				GCC_WARN_UNINITIALIZED_AUTOS = YES_AGGRESSIVE;
				GCC_WARN_UNUSED_FUNCTION = YES;
				GCC_WARN_UNUSED_VARIABLE = YES;
				IPHONEOS_DEPLOYMENT_TARGET = 10.3;
				MTL_ENABLE_DEBUG_INFO = YES;
				ONLY_ACTIVE_ARCH = YES;
				SDKROOT = iphoneos;
				SWIFT_ACTIVE_COMPILATION_CONDITIONS = DEBUG;
				SWIFT_OPTIMIZATION_LEVEL = "-Onone";
				TARGETED_DEVICE_FAMILY = "1,2";
			};
			name = Debug;
		};
		FFEA29B61E9435350056E94A /* Release */ = {
			isa = XCBuildConfiguration;
			buildSettings = {
				ALWAYS_SEARCH_USER_PATHS = NO;
				CLANG_ANALYZER_NONNULL = YES;
				CLANG_ANALYZER_NUMBER_OBJECT_CONVERSION = YES_AGGRESSIVE;
				CLANG_CXX_LANGUAGE_STANDARD = "gnu++0x";
				CLANG_CXX_LIBRARY = "libc++";
				CLANG_ENABLE_MODULES = YES;
				CLANG_ENABLE_OBJC_ARC = YES;
				CLANG_WARN_BOOL_CONVERSION = YES;
				CLANG_WARN_CONSTANT_CONVERSION = YES;
				CLANG_WARN_DIRECT_OBJC_ISA_USAGE = YES_ERROR;
				CLANG_WARN_DOCUMENTATION_COMMENTS = YES;
				CLANG_WARN_EMPTY_BODY = YES;
				CLANG_WARN_ENUM_CONVERSION = YES;
				CLANG_WARN_INFINITE_RECURSION = YES;
				CLANG_WARN_INT_CONVERSION = YES;
				CLANG_WARN_OBJC_ROOT_CLASS = YES_ERROR;
				CLANG_WARN_SUSPICIOUS_MOVE = YES;
				CLANG_WARN_UNREACHABLE_CODE = YES;
				CLANG_WARN__DUPLICATE_METHOD_MATCH = YES;
				"CODE_SIGN_IDENTITY[sdk=iphoneos*]" = "iPhone Developer";
				COPY_PHASE_STRIP = NO;
				DEBUG_INFORMATION_FORMAT = "dwarf-with-dsym";
				ENABLE_NS_ASSERTIONS = NO;
				ENABLE_STRICT_OBJC_MSGSEND = YES;
				GCC_C_LANGUAGE_STANDARD = gnu99;
				GCC_NO_COMMON_BLOCKS = YES;
				GCC_WARN_64_TO_32_BIT_CONVERSION = YES;
				GCC_WARN_ABOUT_RETURN_TYPE = YES_ERROR;
				GCC_WARN_UNDECLARED_SELECTOR = YES;
				GCC_WARN_UNINITIALIZED_AUTOS = YES_AGGRESSIVE;
				GCC_WARN_UNUSED_FUNCTION = YES;
				GCC_WARN_UNUSED_VARIABLE = YES;
				IPHONEOS_DEPLOYMENT_TARGET = 10.3;
				MTL_ENABLE_DEBUG_INFO = NO;
				SDKROOT = iphoneos;
				SWIFT_OPTIMIZATION_LEVEL = "-Owholemodule";
				TARGETED_DEVICE_FAMILY = "1,2";
				VALIDATE_PRODUCT = YES;
			};
			name = Release;
		};
		FFEA29B81E9435350056E94A /* Debug */ = {
			isa = XCBuildConfiguration;
			buildSettings = {
				ASSETCATALOG_COMPILER_APPICON_NAME = AppIcon;
				DEVELOPMENT_TEAM = D64PZD3J25;
				INFOPLIST_FILE = NHLStandings/Info.plist;
				LD_RUNPATH_SEARCH_PATHS = "$(inherited) @executable_path/Frameworks";
				PRODUCT_BUNDLE_IDENTIFIER = com.JBrauchler.myApps.NHLStandings;
				PRODUCT_NAME = "$(TARGET_NAME)";
				SWIFT_VERSION = 3.0;
				TARGETED_DEVICE_FAMILY = 1;
			};
			name = Debug;
		};
		FFEA29B91E9435350056E94A /* Release */ = {
			isa = XCBuildConfiguration;
			buildSettings = {
				ASSETCATALOG_COMPILER_APPICON_NAME = AppIcon;
				DEVELOPMENT_TEAM = D64PZD3J25;
				INFOPLIST_FILE = NHLStandings/Info.plist;
				LD_RUNPATH_SEARCH_PATHS = "$(inherited) @executable_path/Frameworks";
				PRODUCT_BUNDLE_IDENTIFIER = com.JBrauchler.myApps.NHLStandings;
				PRODUCT_NAME = "$(TARGET_NAME)";
				SWIFT_VERSION = 3.0;
				TARGETED_DEVICE_FAMILY = 1;
			};
			name = Release;
		};
/* End XCBuildConfiguration section */

/* Begin XCConfigurationList section */
		FFEA299E1E9435340056E94A /* Build configuration list for PBXProject "NHLStandings" */ = {
			isa = XCConfigurationList;
			buildConfigurations = (
				FFEA29B51E9435350056E94A /* Debug */,
				FFEA29B61E9435350056E94A /* Release */,
			);
			defaultConfigurationIsVisible = 0;
			defaultConfigurationName = Release;
		};
		FFEA29B71E9435350056E94A /* Build configuration list for PBXNativeTarget "NHLStandings" */ = {
			isa = XCConfigurationList;
			buildConfigurations = (
				FFEA29B81E9435350056E94A /* Debug */,
				FFEA29B91E9435350056E94A /* Release */,
			);
			defaultConfigurationIsVisible = 0;
		};
/* End XCConfigurationList section */
	};
	rootObject = FFEA299B1E9435340056E94A /* Project object */;
}
